{
  "version": 4,
  "terraform_version": "0.12.26",
  "serial": 96,
  "lineage": "c4ca4bc2-7d46-0ee1-46d6-295f4c2f044d",
  "outputs": {},
  "resources": [
    {
      "mode": "managed",
      "type": "google_compute_address",
      "name": "ip_nat",
      "provider": "provider.google",
      "instances": [
        {
          "schema_version": 0,
          "attributes": {
            "address": "34.28.56.80",
            "address_type": "EXTERNAL",
            "creation_timestamp": "2022-11-17T00:58:39.029-08:00",
            "description": "",
            "id": "projects/monas-project-367813/regions/us-central1/addresses/ip-nat",
            "name": "ip-nat",
            "network_tier": "PREMIUM",
            "project": "monas-project-367813",
            "purpose": "",
            "region": "us-central1",
            "self_link": "https://www.googleapis.com/compute/v1/projects/monas-project-367813/regions/us-central1/addresses/ip-nat",
            "subnetwork": "",
            "timeouts": null,
            "users": []
          },
          "private": "eyJlMmJmYjczMC1lY2FhLTExZTYtOGY4OC0zNDM2M2JjN2M0YzAiOnsiY3JlYXRlIjoyNDAwMDAwMDAwMDAsImRlbGV0ZSI6MjQwMDAwMDAwMDAwfX0="
        }
      ]
    },
    {
      "mode": "managed",
      "type": "google_compute_firewall",
      "name": "ssh-firewall",
      "provider": "provider.google",
      "instances": [
        {
          "schema_version": 1,
          "attributes": {
            "allow": [
              {
                "ports": [
                  "22"
                ],
                "protocol": "tcp"
              },
              {
                "ports": [],
                "protocol": "icmp"
              }
            ],
            "creation_timestamp": "2022-11-17T00:58:52.872-08:00",
            "deny": [],
            "description": "",
            "destination_ranges": [],
            "direction": "INGRESS",
            "disabled": false,
            "enable_logging": null,
            "id": "projects/monas-project-367813/global/firewalls/ssh-firewall",
            "log_config": [],
            "name": "ssh-firewall",
            "network": "https://www.googleapis.com/compute/v1/projects/monas-project-367813/global/networks/vpc-network",
            "priority": 1000,
            "project": "monas-project-367813",
            "self_link": "https://www.googleapis.com/compute/v1/projects/monas-project-367813/global/firewalls/ssh-firewall",
            "source_ranges": [
              "35.235.240.0/20"
            ],
            "source_service_accounts": null,
            "source_tags": [
              "bastion-vm"
            ],
            "target_service_accounts": null,
            "target_tags": null,
            "timeouts": null
          },
          "private": "eyJlMmJmYjczMC1lY2FhLTExZTYtOGY4OC0zNDM2M2JjN2M0YzAiOnsiY3JlYXRlIjoyNDAwMDAwMDAwMDAsImRlbGV0ZSI6MjQwMDAwMDAwMDAwLCJ1cGRhdGUiOjI0MDAwMDAwMDAwMH0sInNjaGVtYV92ZXJzaW9uIjoiMSJ9",
          "dependencies": [
            "google_compute_network.vpc_network"
          ]
        }
      ]
    },
    {
      "mode": "managed",
      "type": "google_compute_instance",
      "name": "bastion",
      "provider": "provider.google",
      "instances": [
        {
          "schema_version": 6,
          "attributes": {
            "allow_stopping_for_update": null,
            "attached_disk": [],
            "boot_disk": [
              {
                "auto_delete": true,
                "device_name": "persistent-disk-0",
                "disk_encryption_key_raw": "",
                "disk_encryption_key_sha256": "",
                "initialize_params": [
                  {
                    "image": "https://www.googleapis.com/compute/v1/projects/debian-cloud/global/images/debian-11-bullseye-v20221102",
                    "labels": {},
                    "size": 10,
                    "type": "pd-standard"
                  }
                ],
                "kms_key_self_link": "",
                "mode": "READ_WRITE",
                "source": "https://www.googleapis.com/compute/v1/projects/monas-project-367813/zones/us-central1-a/disks/bastion-vm"
              }
            ],
            "can_ip_forward": false,
            "confidential_instance_config": [],
            "cpu_platform": "Intel Broadwell",
            "current_status": "RUNNING",
            "deletion_protection": false,
            "description": "",
            "desired_status": null,
            "enable_display": false,
            "guest_accelerator": [],
            "hostname": "",
            "id": "projects/monas-project-367813/zones/us-central1-a/instances/bastion-vm",
            "instance_id": "5099794142676404532",
            "label_fingerprint": "7Zqu-XqBme4=",
            "labels": {
              "name": "private-vm"
            },
            "machine_type": "e2-medium",
            "metadata": null,
            "metadata_fingerprint": "3aAJtJfQp_Q=",
            "metadata_startup_script": "",
            "min_cpu_platform": "",
            "name": "bastion-vm",
            "network_interface": [
              {
                "access_config": [],
                "alias_ip_range": [],
                "name": "nic0",
                "network": "https://www.googleapis.com/compute/v1/projects/monas-project-367813/global/networks/vpc-network",
                "network_ip": "10.0.0.2",
                "nic_type": "",
                "subnetwork": "https://www.googleapis.com/compute/v1/projects/monas-project-367813/regions/us-central1/subnetworks/management-subnet",
                "subnetwork_project": "monas-project-367813"
              }
            ],
            "project": "monas-project-367813",
            "resource_policies": null,
            "scheduling": [
              {
                "automatic_restart": true,
                "min_node_cpus": 0,
                "node_affinities": [],
                "on_host_maintenance": "MIGRATE",
                "preemptible": false
              }
            ],
            "scratch_disk": [],
            "self_link": "https://www.googleapis.com/compute/v1/projects/monas-project-367813/zones/us-central1-a/instances/bastion-vm",
            "service_account": [
              {
                "email": "instance-srvacc@monas-project-367813.iam.gserviceaccount.com",
                "scopes": [
                  "https://www.googleapis.com/auth/cloud-platform"
                ]
              }
            ],
            "shielded_instance_config": [
              {
                "enable_integrity_monitoring": true,
                "enable_secure_boot": false,
                "enable_vtpm": true
              }
            ],
            "tags": [
              "bastion-vm"
            ],
            "tags_fingerprint": "23AQvPzoIWY=",
            "timeouts": null,
            "zone": "us-central1-a"
          },
          "private": "eyJlMmJmYjczMC1lY2FhLTExZTYtOGY4OC0zNDM2M2JjN2M0YzAiOnsiY3JlYXRlIjoxMjAwMDAwMDAwMDAwLCJkZWxldGUiOjEyMDAwMDAwMDAwMDAsInVwZGF0ZSI6MTIwMDAwMDAwMDAwMH0sInNjaGVtYV92ZXJzaW9uIjoiNiJ9",
          "dependencies": [
            "google_compute_network.vpc_network",
            "google_compute_subnetwork.Management_Subnet",
            "google_service_account.instance_srvacc"
          ]
        }
      ]
    },
    {
      "mode": "managed",
      "type": "google_compute_network",
      "name": "vpc_network",
      "provider": "provider.google",
      "instances": [
        {
          "schema_version": 0,
          "attributes": {
            "auto_create_subnetworks": false,
            "delete_default_routes_on_create": false,
            "description": "",
            "gateway_ipv4": "",
            "id": "projects/monas-project-367813/global/networks/vpc-network",
            "mtu": 1460,
            "name": "vpc-network",
            "project": "monas-project-367813",
            "routing_mode": "REGIONAL",
            "self_link": "https://www.googleapis.com/compute/v1/projects/monas-project-367813/global/networks/vpc-network",
            "timeouts": null
          },
          "private": "eyJlMmJmYjczMC1lY2FhLTExZTYtOGY4OC0zNDM2M2JjN2M0YzAiOnsiY3JlYXRlIjoyNDAwMDAwMDAwMDAsImRlbGV0ZSI6MjQwMDAwMDAwMDAwLCJ1cGRhdGUiOjI0MDAwMDAwMDAwMH19"
        }
      ]
    },
    {
      "mode": "managed",
      "type": "google_compute_router",
      "name": "router",
      "provider": "provider.google",
      "instances": [
        {
          "schema_version": 0,
          "attributes": {
            "bgp": [],
            "creation_timestamp": "2022-11-17T00:58:52.786-08:00",
            "description": "",
            "id": "projects/monas-project-367813/regions/us-central1/routers/router",
            "name": "router",
            "network": "https://www.googleapis.com/compute/v1/projects/monas-project-367813/global/networks/vpc-network",
            "project": "monas-project-367813",
            "region": "us-central1",
            "self_link": "https://www.googleapis.com/compute/v1/projects/monas-project-367813/regions/us-central1/routers/router",
            "timeouts": null
          },
          "private": "eyJlMmJmYjczMC1lY2FhLTExZTYtOGY4OC0zNDM2M2JjN2M0YzAiOnsiY3JlYXRlIjoyNDAwMDAwMDAwMDAsImRlbGV0ZSI6MjQwMDAwMDAwMDAwLCJ1cGRhdGUiOjI0MDAwMDAwMDAwMH19",
          "dependencies": [
            "google_compute_network.vpc_network"
          ]
        }
      ]
    },
    {
      "mode": "managed",
      "type": "google_compute_router_nat",
      "name": "nat",
      "provider": "provider.google",
      "instances": [
        {
          "schema_version": 0,
          "attributes": {
            "drain_nat_ips": null,
            "enable_endpoint_independent_mapping": true,
            "icmp_idle_timeout_sec": 30,
            "id": "monas-project-367813/us-central1/router/nat",
            "log_config": [],
            "min_ports_per_vm": 0,
            "name": "nat",
            "nat_ip_allocate_option": "AUTO_ONLY",
            "nat_ips": null,
            "project": "monas-project-367813",
            "region": "us-central1",
            "router": "router",
            "source_subnetwork_ip_ranges_to_nat": "LIST_OF_SUBNETWORKS",
            "subnetwork": [
              {
                "name": "projects/monas-project-367813/regions/us-central1/subnetworks/management-subnet",
                "secondary_ip_range_names": [],
                "source_ip_ranges_to_nat": [
                  "ALL_IP_RANGES"
                ]
              },
              {
                "name": "projects/monas-project-367813/regions/us-central1/subnetworks/restricted-subnet",
                "secondary_ip_range_names": [],
                "source_ip_ranges_to_nat": [
                  "ALL_IP_RANGES"
                ]
              }
            ],
            "tcp_established_idle_timeout_sec": 1200,
            "tcp_transitory_idle_timeout_sec": 30,
            "timeouts": null,
            "udp_idle_timeout_sec": 30
          },
          "private": "eyJlMmJmYjczMC1lY2FhLTExZTYtOGY4OC0zNDM2M2JjN2M0YzAiOnsiY3JlYXRlIjo2MDAwMDAwMDAwMDAsImRlbGV0ZSI6NjAwMDAwMDAwMDAwLCJ1cGRhdGUiOjYwMDAwMDAwMDAwMH19",
          "dependencies": [
            "google_compute_network.vpc_network",
            "google_compute_router.router",
            "google_compute_subnetwork.Management_Subnet",
            "google_compute_subnetwork.Restricted_Subnet"
          ]
        }
      ]
    },
    {
      "mode": "managed",
      "type": "google_compute_subnetwork",
      "name": "Management_Subnet",
      "provider": "provider.google",
      "instances": [
        {
          "schema_version": 0,
          "attributes": {
            "creation_timestamp": "2022-11-17T00:58:52.872-08:00",
            "description": "",
            "fingerprint": null,
            "gateway_address": "10.0.0.1",
            "id": "projects/monas-project-367813/regions/us-central1/subnetworks/management-subnet",
            "ip_cidr_range": "10.0.0.0/24",
            "log_config": [],
            "name": "management-subnet",
            "network": "https://www.googleapis.com/compute/v1/projects/monas-project-367813/global/networks/vpc-network",
            "private_ip_google_access": true,
            "private_ipv6_google_access": "DISABLE_GOOGLE_ACCESS",
            "project": "monas-project-367813",
            "region": "us-central1",
            "secondary_ip_range": [],
            "self_link": "https://www.googleapis.com/compute/v1/projects/monas-project-367813/regions/us-central1/subnetworks/management-subnet",
            "timeouts": null
          },
          "private": "eyJlMmJmYjczMC1lY2FhLTExZTYtOGY4OC0zNDM2M2JjN2M0YzAiOnsiY3JlYXRlIjozNjAwMDAwMDAwMDAsImRlbGV0ZSI6MzYwMDAwMDAwMDAwLCJ1cGRhdGUiOjM2MDAwMDAwMDAwMH19",
          "dependencies": [
            "google_compute_network.vpc_network"
          ]
        }
      ]
    },
    {
      "mode": "managed",
      "type": "google_compute_subnetwork",
      "name": "Restricted_Subnet",
      "provider": "provider.google",
      "instances": [
        {
          "schema_version": 0,
          "attributes": {
            "creation_timestamp": "2022-11-17T00:58:53.010-08:00",
            "description": "",
            "fingerprint": null,
            "gateway_address": "10.0.1.1",
            "id": "projects/monas-project-367813/regions/us-central1/subnetworks/restricted-subnet",
            "ip_cidr_range": "10.0.1.0/24",
            "log_config": [],
            "name": "restricted-subnet",
            "network": "https://www.googleapis.com/compute/v1/projects/monas-project-367813/global/networks/vpc-network",
            "private_ip_google_access": true,
            "private_ipv6_google_access": "DISABLE_GOOGLE_ACCESS",
            "project": "monas-project-367813",
            "region": "us-central1",
            "secondary_ip_range": [],
            "self_link": "https://www.googleapis.com/compute/v1/projects/monas-project-367813/regions/us-central1/subnetworks/restricted-subnet",
            "timeouts": null
          },
          "private": "eyJlMmJmYjczMC1lY2FhLTExZTYtOGY4OC0zNDM2M2JjN2M0YzAiOnsiY3JlYXRlIjozNjAwMDAwMDAwMDAsImRlbGV0ZSI6MzYwMDAwMDAwMDAwLCJ1cGRhdGUiOjM2MDAwMDAwMDAwMH19",
          "dependencies": [
            "google_compute_network.vpc_network"
          ]
        }
      ]
    },
    {
      "mode": "managed",
      "type": "google_container_cluster",
      "name": "gke_cluster",
      "provider": "provider.google",
      "instances": [
        {
          "schema_version": 1,
          "attributes": {
            "addons_config": [
              {
                "cloudrun_config": [],
                "horizontal_pod_autoscaling": [],
                "http_load_balancing": [],
                "network_policy_config": [
                  {
                    "disabled": true
                  }
                ]
              }
            ],
            "authenticator_groups_config": [],
            "cluster_autoscaling": [
              {
                "auto_provisioning_defaults": [],
                "enabled": false,
                "resource_limits": []
              }
            ],
            "cluster_ipv4_cidr": "10.156.0.0/14",
            "database_encryption": [
              {
                "key_name": "",
                "state": "DECRYPTED"
              }
            ],
            "datapath_provider": "",
            "default_max_pods_per_node": 110,
            "default_snat_status": [
              {
                "disabled": false
              }
            ],
            "description": "",
            "enable_autopilot": false,
            "enable_binary_authorization": false,
            "enable_intranode_visibility": false,
            "enable_kubernetes_alpha": false,
            "enable_legacy_abac": false,
            "enable_shielded_nodes": true,
            "enable_tpu": false,
            "endpoint": "172.5.0.2",
            "id": "projects/monas-project-367813/locations/us-central1-a/clusters/gke-cluster",
            "initial_node_count": 1,
            "instance_group_urls": [],
            "ip_allocation_policy": [
              {
                "cluster_ipv4_cidr_block": "10.156.0.0/14",
                "cluster_secondary_range_name": "gke-gke-cluster-pods-b91e1d71",
                "services_ipv4_cidr_block": "10.160.0.0/20",
                "services_secondary_range_name": "gke-gke-cluster-services-b91e1d71"
              }
            ],
            "label_fingerprint": "a9dc16a7",
            "location": "us-central1-a",
            "logging_service": "logging.googleapis.com/kubernetes",
            "maintenance_policy": [],
            "master_auth": [
              {
                "client_certificate": "",
                "client_certificate_config": [
                  {
                    "issue_client_certificate": false
                  }
                ],
                "client_key": "",
                "cluster_ca_certificate": "LS0tLS1CRUdJTiBDRVJUSUZJQ0FURS0tLS0tCk1JSUVMVENDQXBXZ0F3SUJBZ0lSQU9oVk5oLytUTzg3VU50T2swbVV1aU13RFFZSktvWklodmNOQVFFTEJRQXcKTHpFdE1Dc0dBMVVFQXhNa09XWTNOVFl4WkRNdE1XTTFNeTAwTWpBM0xXRmtNek10TURoaFpqSTVNak5tTmpRNQpNQ0FYRFRJeU1URXhOekEzTlRrd05sb1lEekl3TlRJeE1UQTVNRGcxT1RBMldqQXZNUzB3S3dZRFZRUURFeVE1ClpqYzFOakZrTXkweFl6VXpMVFF5TURjdFlXUXpNeTB3T0dGbU1qa3lNMlkyTkRrd2dnR2lNQTBHQ1NxR1NJYjMKRFFFQkFRVUFBNElCandBd2dnR0tBb0lCZ1FETXJVMlcwMjFUUEhnckprMk5vekFUTms0dk52UE9zejJJVDJQZQowZ0lEOEwybTM2V3pVQ2g4UGtHMldYcGN6MndFWGZFdlVVK1ZoTitzK3VpZjc3TTVvTDNoVndVVk16UEJPUlplCmhyNzVKSHdzTDVhZzJXa1FuY3R4SSt2NnkvcHZvNEM3cVZxSFUvNk40SE1STUYreXRVVEU0SkZKcDl0K09BcjEKcHhHYXN0TmsxLy9vTnJaMVRVZ21NcUpNc0RLUFZPL0VyMUFMVFUvdVY3OTBxTkpZWVNsanRQV3Znd1NOWUVpcwpSUmZqTXVmV0RFcllYNlhFT25BbjBqeTY0dm8xK1F3eVgxMGJJaGpBVUJzaFV5Qm1qRmVhbVArWW5XVVJpcGI0CmxrSWl2ZTlIRy9NOGUrQWNCVlJyejNnNytwS0FHUzBnVjhGYkVNYmxIY0RnekJyTHNWdmQwQko4QW4yclNtUUMKZEdHVm9iSk1USE43bkZOWU1nWC9LUWtqVzliTUo2YVREQ0xmQUo4M082TFN4UEFCcGlKUVRVM3p5eG5idWRnagpYVms3VnFLZnBsTVJValJ5UnozcG9CVXlYa0R4QWNQQTViYlVnWmVEUGFuREtWT1I0aFliRU9XWmViTXRuM1g1CjNyZTVaNGY4SmNRRDA1blcvKzJ1bFBnVmx3a0NBd0VBQWFOQ01FQXdEZ1lEVlIwUEFRSC9CQVFEQWdJRU1BOEcKQTFVZEV3RUIvd1FGTUFNQkFmOHdIUVlEVlIwT0JCWUVGT0FVWEg1dFRTZE90Z2wxQ0Zud003Y2trL3NITUEwRwpDU3FHU0liM0RRRUJDd1VBQTRJQmdRQUV3elByZWpPOE5HeTZiODh3TncrUk9ZSWNPWXhpR2JuNFpHQlRKcHJICmhoWEpIUGFqY005a2thUUFmQmpLMWU1M1FpMkxNMVRidXFwKzhXSzdZMDR3L3hMV1J6NGhJRWJxc2JSZVBsKzAKSEd1Z1libDZKbE5JOHpUQkpKTmpqZlJzZHh2LzBiUDlPRDhLOGJUQ3pod1BUa2hPOWxvMWRYV0YyWTlIc25iQgpGaWpoTjhoMjEzVEh1SlJXdkRsZkNrUXhmSW14YkR4ZjFCMG05a3RvSkdoZXRPbUwydTY5eU4rRTFuVVFSNWkzCmxkOW55b2lNUlY5ZTlHZnNsRmVYdGFraEVySG1tRFIvaVZCWEZiV0lQL01FOGZoc29pTDZONVQrL0ZLMURnSFYKT3QzakVXQTBtRnFOeFFCMkFON2ZSY1lJZkl3eFhwbHU1WjhQcnVDNVJsVmhoaENqOXMrYmc1Sm96YjFUVDdVMwovNTZ1UEx0L3dIM25TYkNtaWVEVnUyaDJNclcwK000V0o1Y2kwUHBLZVB3OXowdzFiVkN4a2IyS3AwR2tkK2xECnRTYWx3QXpUS1lPYnlodkJNWlJqQzNpRUlXMC8xbUJRVjdHdWZKNzhvRGhNMDJ4c0F1RVlMcUp0RDdnbkVwb28KU0t4Um81RjRlekl3blYzTUl2QmIyZ2c9Ci0tLS0tRU5EIENFUlRJRklDQVRFLS0tLS0K",
                "password": "",
                "username": ""
              }
            ],
            "master_authorized_networks_config": [
              {
                "cidr_blocks": [
                  {
                    "cidr_block": "10.0.0.0/24",
                    "display_name": "External Control Plane access"
                  }
                ]
              }
            ],
            "master_version": "1.22.12-gke.2300",
            "min_master_version": null,
            "monitoring_service": "monitoring.googleapis.com/kubernetes",
            "name": "gke-cluster",
            "network": "projects/monas-project-367813/global/networks/vpc-network",
            "network_policy": [
              {
                "enabled": false,
                "provider": "PROVIDER_UNSPECIFIED"
              }
            ],
            "networking_mode": "VPC_NATIVE",
            "node_config": [],
            "node_locations": [],
            "node_pool": [],
            "node_version": "1.22.12-gke.2300",
            "operation": null,
            "pod_security_policy_config": [],
            "private_cluster_config": [
              {
                "enable_private_endpoint": true,
                "enable_private_nodes": true,
                "master_global_access_config": [
                  {
                    "enabled": false
                  }
                ],
                "master_ipv4_cidr_block": "172.5.0.0/28",
                "peering_name": "gke-n99c22874ba14db4cc2c-bed5-2568-peer",
                "private_endpoint": "172.5.0.2",
                "public_endpoint": "104.197.230.210"
              }
            ],
            "private_ipv6_google_access": "",
            "project": "monas-project-367813",
            "release_channel": [
              {
                "channel": "STABLE"
              }
            ],
            "remove_default_node_pool": true,
            "resource_labels": null,
            "resource_usage_export_config": [],
            "self_link": "https://container.googleapis.com/v1beta1/projects/monas-project-367813/zones/us-central1-a/clusters/gke-cluster",
            "services_ipv4_cidr": "10.160.0.0/20",
            "subnetwork": "projects/monas-project-367813/regions/us-central1/subnetworks/restricted-subnet",
            "timeouts": null,
            "tpu_ipv4_cidr_block": "",
            "vertical_pod_autoscaling": [],
            "workload_identity_config": []
          },
          "private": "eyJlMmJmYjczMC1lY2FhLTExZTYtOGY4OC0zNDM2M2JjN2M0YzAiOnsiY3JlYXRlIjoyNDAwMDAwMDAwMDAwLCJkZWxldGUiOjI0MDAwMDAwMDAwMDAsInJlYWQiOjI0MDAwMDAwMDAwMDAsInVwZGF0ZSI6MzYwMDAwMDAwMDAwMH0sInNjaGVtYV92ZXJzaW9uIjoiMSJ9",
          "dependencies": [
            "google_compute_network.vpc_network",
            "google_compute_subnetwork.Restricted_Subnet"
          ]
        }
      ]
    },
    {
      "mode": "managed",
      "type": "google_container_node_pool",
      "name": "cluster-node",
      "provider": "provider.google",
      "instances": [
        {
          "schema_version": 1,
          "attributes": {
            "autoscaling": [],
            "cluster": "gke-cluster",
            "id": "projects/monas-project-367813/locations/us-central1-a/clusters/gke-cluster/nodePools/cluster-node",
            "initial_node_count": 2,
            "instance_group_urls": [
              "https://www.googleapis.com/compute/v1/projects/monas-project-367813/zones/us-central1-a/instanceGroupManagers/gke-gke-cluster-cluster-node-feb97f70-grp"
            ],
            "location": "us-central1-a",
            "management": [
              {
                "auto_repair": true,
                "auto_upgrade": true
              }
            ],
            "max_pods_per_node": 110,
            "name": "cluster-node",
            "name_prefix": "",
            "node_config": [
              {
                "disk_size_gb": 100,
                "disk_type": "pd-standard",
                "guest_accelerator": [],
                "image_type": "COS_CONTAINERD",
                "labels": {},
                "local_ssd_count": 0,
                "machine_type": "e2-medium",
                "metadata": {
                  "disable-legacy-endpoints": "true"
                },
                "min_cpu_platform": "",
                "oauth_scopes": [
                  "https://www.googleapis.com/auth/logging.write",
                  "https://www.googleapis.com/auth/monitoring"
                ],
                "preemptible": false,
                "service_account": "gke-sacc@monas-project-367813.iam.gserviceaccount.com",
                "shielded_instance_config": [
                  {
                    "enable_integrity_monitoring": true,
                    "enable_secure_boot": false
                  }
                ],
                "tags": null,
                "taint": [],
                "workload_metadata_config": []
              }
            ],
            "node_count": 2,
            "node_locations": [
              "us-central1-a"
            ],
            "operation": null,
            "project": "monas-project-367813",
            "timeouts": null,
            "upgrade_settings": [
              {
                "max_surge": 1,
                "max_unavailable": 0
              }
            ],
            "version": "1.22.12-gke.2300"
          },
          "private": "eyJlMmJmYjczMC1lY2FhLTExZTYtOGY4OC0zNDM2M2JjN2M0YzAiOnsiY3JlYXRlIjoxODAwMDAwMDAwMDAwLCJkZWxldGUiOjE4MDAwMDAwMDAwMDAsInVwZGF0ZSI6MTgwMDAwMDAwMDAwMH0sInNjaGVtYV92ZXJzaW9uIjoiMSJ9",
          "dependencies": [
            "google_compute_network.vpc_network",
            "google_compute_subnetwork.Restricted_Subnet",
            "google_container_cluster.gke_cluster",
            "google_service_account.gke_sacc"
          ]
        }
      ]
    },
    {
      "mode": "managed",
      "type": "google_project_iam_member",
      "name": "gke_admin_role",
      "provider": "provider.google",
      "instances": [
        {
          "schema_version": 0,
          "attributes": {
            "condition": [],
            "etag": "BwXtpswaw64=",
            "id": "monas-project-367813/roles/storage.objectViewer/serviceAccount:gke-sacc@monas-project-367813.iam.gserviceaccount.com",
            "member": "serviceAccount:gke-sacc@monas-project-367813.iam.gserviceaccount.com",
            "project": "monas-project-367813",
            "role": "roles/storage.objectViewer"
          },
          "private": "bnVsbA==",
          "dependencies": [
            "google_service_account.gke_sacc"
          ]
        }
      ]
    },
    {
      "mode": "managed",
      "type": "google_project_iam_member",
      "name": "member_1",
      "provider": "provider.google",
      "instances": [
        {
          "schema_version": 0,
          "attributes": {
            "condition": [],
            "etag": "BwXtpswaw64=",
            "id": "monas-project-367813/roles/container.admin/serviceAccount:instance-srvacc@monas-project-367813.iam.gserviceaccount.com",
            "member": "serviceAccount:instance-srvacc@monas-project-367813.iam.gserviceaccount.com",
            "project": "monas-project-367813",
            "role": "roles/container.admin"
          },
          "private": "bnVsbA==",
          "dependencies": [
            "google_service_account.instance_srvacc"
          ]
        }
      ]
    },
    {
      "mode": "managed",
      "type": "google_project_iam_member",
      "name": "storage-useradmin",
      "provider": "provider.google",
      "instances": [
        {
          "schema_version": 0,
          "attributes": {
            "condition": [],
            "etag": "BwXtpswaw64=",
            "id": "monas-project-367813/roles/storage.admin/serviceAccount:gke-sacc@monas-project-367813.iam.gserviceaccount.com",
            "member": "serviceAccount:gke-sacc@monas-project-367813.iam.gserviceaccount.com",
            "project": "monas-project-367813",
            "role": "roles/storage.admin"
          },
          "private": "bnVsbA==",
          "dependencies": [
            "google_service_account.gke_sacc"
          ]
        }
      ]
    },
    {
      "mode": "managed",
      "type": "google_service_account",
      "name": "gke_sacc",
      "provider": "provider.google",
      "instances": [
        {
          "schema_version": 0,
          "attributes": {
            "account_id": "gke-sacc",
            "description": "",
            "display_name": "gke-sacc",
            "email": "gke-sacc@monas-project-367813.iam.gserviceaccount.com",
            "id": "projects/monas-project-367813/serviceAccounts/gke-sacc@monas-project-367813.iam.gserviceaccount.com",
            "name": "projects/monas-project-367813/serviceAccounts/gke-sacc@monas-project-367813.iam.gserviceaccount.com",
            "project": "monas-project-367813",
            "timeouts": null,
            "unique_id": "115775993783691652984"
          },
          "private": "eyJlMmJmYjczMC1lY2FhLTExZTYtOGY4OC0zNDM2M2JjN2M0YzAiOnsiY3JlYXRlIjozMDAwMDAwMDAwMDB9fQ=="
        }
      ]
    },
    {
      "mode": "managed",
      "type": "google_service_account",
      "name": "instance_srvacc",
      "provider": "provider.google",
      "instances": [
        {
          "schema_version": 0,
          "attributes": {
            "account_id": "instance-srvacc",
            "description": "",
            "display_name": "instance-srvacc",
            "email": "instance-srvacc@monas-project-367813.iam.gserviceaccount.com",
            "id": "projects/monas-project-367813/serviceAccounts/instance-srvacc@monas-project-367813.iam.gserviceaccount.com",
            "name": "projects/monas-project-367813/serviceAccounts/instance-srvacc@monas-project-367813.iam.gserviceaccount.com",
            "project": "monas-project-367813",
            "timeouts": null,
            "unique_id": "115729111832527412946"
          },
          "private": "eyJlMmJmYjczMC1lY2FhLTExZTYtOGY4OC0zNDM2M2JjN2M0YzAiOnsiY3JlYXRlIjozMDAwMDAwMDAwMDB9fQ=="
        }
      ]
    }
  ]
}
